// !$*UTF8*$!
{
	archiveVersion = 1;
	classes = {
	};
	objectVersion = 48;
	objects = {

/* Begin PBXBuildFile section */
		69A2CABC1FD4D3F1006FCF94 /* AppDelegate.m in Sources */ = {isa = PBXBuildFile; fileRef = 69A2CABB1FD4D3F1006FCF94 /* AppDelegate.m */; };
		69A2CABF1FD4D3F1006FCF94 /* ViewController.m in Sources */ = {isa = PBXBuildFile; fileRef = 69A2CABE1FD4D3F1006FCF94 /* ViewController.m */; };
		69A2CAC21FD4D3F2006FCF94 /* Main.storyboard in Resources */ = {isa = PBXBuildFile; fileRef = 69A2CAC01FD4D3F2006FCF94 /* Main.storyboard */; };
		69A2CAC41FD4D3F2006FCF94 /* Assets.xcassets in Resources */ = {isa = PBXBuildFile; fileRef = 69A2CAC31FD4D3F2006FCF94 /* Assets.xcassets */; };
		69A2CAC71FD4D3F2006FCF94 /* LaunchScreen.storyboard in Resources */ = {isa = PBXBuildFile; fileRef = 69A2CAC51FD4D3F2006FCF94 /* LaunchScreen.storyboard */; };
		69A2CACA1FD4D3F2006FCF94 /* main.m in Sources */ = {isa = PBXBuildFile; fileRef = 69A2CAC91FD4D3F2006FCF94 /* main.m */; };
/* End PBXBuildFile section */

/* Begin PBXFileReference section */
		69A2CAB71FD4D3F1006FCF94 /* CoreGraphic.app */ = {isa = PBXFileReference; explicitFileType = wrapper.application; includeInIndex = 0; path = CoreGraphic.app; sourceTree = BUILT_PRODUCTS_DIR; };
		69A2CABA1FD4D3F1006FCF94 /* AppDelegate.h */ = {isa = PBXFileReference; lastKnownFileType = sourcecode.c.h; path = AppDelegate.h; sourceTree = "<group>"; };
		69A2CABB1FD4D3F1006FCF94 /* AppDelegate.m */ = {isa = PBXFileReference; lastKnownFileType = sourcecode.c.objc; path = AppDelegate.m; sourceTree = "<group>"; };
		69A2CABD1FD4D3F1006FCF94 /* ViewController.h */ = {isa = PBXFileReference; lastKnownFileType = sourcecode.c.h; path = ViewController.h; sourceTree = "<group>"; };
		69A2CABE1FD4D3F1006FCF94 /* ViewController.m */ = {isa = PBXFileReference; lastKnownFileType = sourcecode.c.objc; path = ViewController.m; sourceTree = "<group>"; };
		69A2CAC11FD4D3F2006FCF94 /* Base */ = {isa = PBXFileReference; lastKnownFileType = file.storyboard; name = Base; path = Base.lproj/Main.storyboard; sourceTree = "<group>"; };
		69A2CAC31FD4D3F2006FCF94 /* Assets.xcassets */ = {isa = PBXFileReference; lastKnownFileType = folder.assetcatalog; path = Assets.xcassets; sourceTree = "<group>"; };
		69A2CAC61FD4D3F2006FCF94 /* Base */ = {isa = PBXFileReference; lastKnownFileType = file.storyboard; name = Base; path = Base.lproj/LaunchScreen.storyboard; sourceTree = "<group>"; };
		69A2CAC81FD4D3F2006FCF94 /* Info.plist */ = {isa = PBXFileReference; lastKnownFileType = text.plist.xml; path = Info.plist; sourceTree = "<group>"; };
		69A2CAC91FD4D3F2006FCF94 /* main.m */ = {isa = PBXFileReference; lastKnownFileType = sourcecode.c.objc; path = main.m; sourceTree = "<group>"; };
/* End PBXFileReference section */

/* Begin PBXFrameworksBuildPhase section */
		69A2CAB41FD4D3F1006FCF94 /* Frameworks */ = {
			isa = PBXFrameworksBuildPhase;
			buildActionMask = 2147483647;
			files = (
			);
			runOnlyForDeploymentPostprocessing = 0;
		};
/* End PBXFrameworksBuildPhase section */

/* Begin PBXGroup section */
		69A2CAAE1FD4D3F1006FCF94 = {
			isa = PBXGroup;
			children = (
				69A2CAB91FD4D3F1006FCF94 /* CoreGraphic */,
				69A2CAB81FD4D3F1006FCF94 /* Products */,
			);
			sourceTree = "<group>";
		};
		69A2CAB81FD4D3F1006FCF94 /* Products */ = {
			isa = PBXGroup;
			children = (
				69A2CAB71FD4D3F1006FCF94 /* CoreGraphic.app */,
			);
			name = Products;
			sourceTree = "<group>";
		};
		69A2CAB91FD4D3F1006FCF94 /* CoreGraphic */ = {
			isa = PBXGroup;
			children = (
				69A2CABA1FD4D3F1006FCF94 /* AppDelegate.h */,
				69A2CABB1FD4D3F1006FCF94 /* AppDelegate.m */,
				69A2CABD1FD4D3F1006FCF94 /* ViewController.h */,
				69A2CABE1FD4D3F1006FCF94 /* ViewController.m */,
				69A2CAC01FD4D3F2006FCF94 /* Main.storyboard */,
				69A2CAC31FD4D3F2006FCF94 /* Assets.xcassets */,
				69A2CAC51FD4D3F2006FCF94 /* LaunchScreen.storyboard */,
				69A2CAC81FD4D3F2006FCF94 /* Info.plist */,
				69A2CAC91FD4D3F2006FCF94 /* main.m */,
			);
			path = CoreGraphic;
			sourceTree = "<group>";
		};
/* End PBXGroup section */

/* Begin PBXNativeTarget section */
		69A2CAB61FD4D3F1006FCF94 /* CoreGraphic */ = {
			isa = PBXNativeTarget;
			buildConfigurationList = 69A2CACD1FD4D3F2006FCF94 /* Build configuration list for PBXNativeTarget "CoreGraphic" */;
			buildPhases = (
				69A2CAB31FD4D3F1006FCF94 /* Sources */,
				69A2CAB41FD4D3F1006FCF94 /* Frameworks */,
				69A2CAB51FD4D3F1006FCF94 /* Resources */,
			);
			buildRules = (
			);
			dependencies = (
			);
			name = CoreGraphic;
			productName = CoreGraphic;
			productReference = 69A2CAB71FD4D3F1006FCF94 /* CoreGraphic.app */;
			productType = "com.apple.product-type.application";
		};
/* End PBXNativeTarget section */

/* Begin PBXProject section */
		69A2CAAF1FD4D3F1006FCF94 /* Project object */ = {
			isa = PBXProject;
			attributes = {
				LastUpgradeCheck = 0910;
				ORGANIZATIONNAME = sycf_ios;
				TargetAttributes = {
					69A2CAB61FD4D3F1006FCF94 = {
						CreatedOnToolsVersion = 9.1;
						ProvisioningStyle = Automatic;
					};
				};
			};
			buildConfigurationList = 69A2CAB21FD4D3F1006FCF94 /* Build configuration list for PBXProject "CoreGraphic" */;
			compatibilityVersion = "Xcode 8.0";
			developmentRegion = en;
			hasScannedForEncodings = 0;
			knownRegions = (
				en,
				Base,
			);
			mainGroup = 69A2CAAE1FD4D3F1006FCF94;
			productRefGroup = 69A2CAB81FD4D3F1006FCF94 /* Products */;
			projectDirPath = "";
			projectRoot = "";
			targets = (
				69A2CAB61FD4D3F1006FCF94 /* CoreGraphic */,
			);
		};
/* End PBXProject section */

/* Begin PBXResourcesBuildPhase section */
		69A2CAB51FD4D3F1006FCF94 /* Resources */ = {
			isa = PBXResourcesBuildPhase;
			buildActionMask = 2147483647;
			files = (
				69A2CAC71FD4D3F2006FCF94 /* LaunchScreen.storyboard in Resources */,
				69A2CAC41FD4D3F2006FCF94 /* Assets.xcassets in Resources */,
				69A2CAC21FD4D3F2006FCF94 /* Main.storyboard in Resources */,
			);
			runOnlyForDeploymentPostprocessing = 0;
		};
/* End PBXResourcesBuildPhase section */

/* Begin PBXSourcesBuildPhase section */
		69A2CAB31FD4D3F1006FCF94 /* Sources */ = {
			isa = PBXSourcesBuildPhase;
			buildActionMask = 2147483647;
			files = (
				69A2CABF1FD4D3F1006FCF94 /* ViewController.m in Sources */,
				69A2CACA1FD4D3F2006FCF94 /* main.m in Sources */,
				69A2CABC1FD4D3F1006FCF94 /* AppDelegate.m in Sources */,
			);
			runOnlyForDeploymentPostprocessing = 0;
		};
/* End PBXSourcesBuildPhase section */

/* Begin PBXVariantGroup section */
		69A2CAC01FD4D3F2006FCF94 /* Main.storyboard */ = {
			isa = PBXVariantGroup;
			children = (
				69A2CAC11FD4D3F2006FCF94 /* Base */,
			);
			name = Main.storyboard;
			sourceTree = "<group>";
		};
		69A2CAC51FD4D3F2006FCF94 /* LaunchScreen.storyboard */ = {
			isa = PBXVariantGroup;
			children = (
				69A2CAC61FD4D3F2006FCF94 /* Base */,
			);
			name = LaunchScreen.storyboard;
			sourceTree = "<group>";
		};
/* End PBXVariantGroup section */

/* Begin XCBuildConfiguration section */
		69A2CACB1FD4D3F2006FCF94 /* Debug */ = {
			isa = XCBuildConfiguration;
			buildSettings = {
				ALWAYS_SEARCH_USER_PATHS = NO;
				CLANG_ANALYZER_NONNULL = YES;
				CLANG_ANALYZER_NUMBER_OBJECT_CONVERSION = YES_AGGRESSIVE;
				CLANG_CXX_LANGUAGE_STANDARD = "gnu++14";
				CLANG_CXX_LIBRARY = "libc++";
				CLANG_ENABLE_MODULES = YES;
				CLANG_ENABLE_OBJC_ARC = YES;
				CLANG_WARN_BLOCK_CAPTURE_AUTORELEASING = YES;
				CLANG_WARN_BOOL_CONVERSION = YES;
				CLANG_WARN_COMMA = YES;
				CLANG_WARN_CONSTANT_CONVERSION = YES;
				CLANG_WARN_DIRECT_OBJC_ISA_USAGE = YES_ERROR;
				CLANG_WARN_DOCUMENTATION_COMMENTS = YES;
				CLANG_WARN_EMPTY_BODY = YES;
				CLANG_WARN_ENUM_CONVERSION = YES;
				CLANG_WARN_INFINITE_RECURSION = YES;
				CLANG_WARN_INT_CONVERSION = YES;
				CLANG_WARN_NON_LITERAL_NULL_CONVERSION = YES;
				CLANG_WARN_OBJC_LITERAL_CONVERSION = YES;
				CLANG_WARN_OBJC_ROOT_CLASS = YES_ERROR;
				CLANG_WARN_RANGE_LOOP_ANALYSIS = YES;
				CLANG_WARN_STRICT_PROTOTYPES = YES;
				CLANG_WARN_SUSPICIOUS_MOVE = YES;
				CLANG_WARN_UNGUARDED_AVAILABILITY = YES_AGGRESSIVE;
				CLANG_WARN_UNREACHABLE_CODE = YES;
				CLANG_WARN__DUPLICATE_METHOD_MATCH = YES;
				CODE_SIGN_IDENTITY = "iPhone Developer";
				COPY_PHASE_STRIP = NO;
				DEBUG_INFORMATION_FORMAT = dwarf;
				ENABLE_STRICT_OBJC_MSGSEND = YES;
				ENABLE_TESTABILITY = YES;
				GCC_C_LANGUAGE_STANDARD = gnu11;
				GCC_DYNAMIC_NO_PIC = NO;
				GCC_NO_COMMON_BLOCKS = YES;
				GCC_OPTIMIZATION_LEVEL = 0;
				GCC_PREPROCESSOR_DEFINITIONS = (
					"DEBUG=1",
					"$(inherited)",
				);
				GCC_WARN_64_TO_32_BIT_CONVERSION = YES;
				GCC_WARN_ABOUT_RETURN_TYPE = YES_ERROR;
				GCC_WARN_UNDECLARED_SELECTOR = YES;
				GCC_WARN_UNINITIALIZED_AUTOS = YES_AGGRESSIVE;
				GCC_WARN_UNUSED_FUNCTION = YES;
				GCC_WARN_UNUSED_VARIABLE = YES;
				IPHONEOS_DEPLOYMENT_TARGET = 11.1;
				MTL_ENABLE_DEBUG_INFO = YES;
				ONLY_ACTIVE_ARCH = YES;
				SDKROOT = iphoneos;
			};
			name = Debug;
		};
		69A2CACC1FD4D3F2006FCF94 /* Release */ = {
			isa = XCBuildConfiguration;
			buildSettings = {
				ALWAYS_SEARCH_USER_PATHS = NO;
				CLANG_ANALYZER_NONNULL = YES;
				CLANG_ANALYZER_NUMBER_OBJECT_CONVERSION = YES_AGGRESSIVE;
				CLANG_CXX_LANGUAGE_STANDARD = "gnu++14";
				CLANG_CXX_LIBRARY = "libc++";
				CLANG_ENABLE_MODULES = YES;
				CLANG_ENABLE_OBJC_ARC = YES;
				CLANG_WARN_BLOCK_CAPTURE_AUTORELEASING = YES;
				CLANG_WARN_BOOL_CONVERSION = YES;
				CLANG_WARN_COMMA = YES;
				CLANG_WARN_CONSTANT_CONVERSION = YES;
				CLANG_WARN_DIRECT_OBJC_ISA_USAGE = YES_ERROR;
				CLANG_WARN_DOCUMENTATION_COMMENTS = YES;
				CLANG_WARN_EMPTY_BODY = YES;
				CLANG_WARN_ENUM_CONVERSION = YES;
				CLANG_WARN_INFINITE_RECURSION = YES;
				CLANG_WARN_INT_CONVERSION = YES;
				CLANG_WARN_NON_LITERAL_NULL_CONVERSION = YES;
				CLANG_WARN_OBJC_LITERAL_CONVERSION = YES;
				CLANG_WARN_OBJC_ROOT_CLASS = YES_ERROR;
				CLANG_WARN_RANGE_LOOP_ANALYSIS = YES;
				CLANG_WARN_STRICT_PROTOTYPES = YES;
				CLANG_WARN_SUSPICIOUS_MOVE = YES;
				CLANG_WARN_UNGUARDED_AVAILABILITY = YES_AGGRESSIVE;
				CLANG_WARN_UNREACHABLE_CODE = YES;
				CLANG_WARN__DUPLICATE_METHOD_MATCH = YES;
				CODE_SIGN_IDENTITY = "iPhone Developer";
				COPY_PHASE_STRIP = NO;
				DEBUG_INFORMATION_FORMAT = "dwarf-with-dsym";
				ENABLE_NS_ASSERTIONS = NO;
				ENABLE_STRICT_OBJC_MSGSEND = YES;
				GCC_C_LANGUAGE_STANDARD = gnu11;
				GCC_NO_COMMON_BLOCKS = YES;
				GCC_WARN_64_TO_32_BIT_CONVERSION = YES;
				GCC_WARN_ABOUT_RETURN_TYPE = YES_ERROR;
				GCC_WARN_UNDECLARED_SELECTOR = YES;
				GCC_WARN_UNINITIALIZED_AUTOS = YES_AGGRESSIVE;
				GCC_WARN_UNUSED_FUNCTION = YES;
				GCC_WARN_UNUSED_VARIABLE = YES;
				IPHONEOS_DEPLOYMENT_TARGET = 11.1;
				MTL_ENABLE_DEBUG_INFO = NO;
				SDKROOT = iphoneos;
				VALIDATE_PRODUCT = YES;
			};
			name = Release;
		};
		69A2CACE1FD4D3F2006FCF94 /* Debug */ = {
			isa = XCBuildConfiguration;
			buildSettings = {
				ASSETCATALOG_COMPILER_APPICON_NAME = AppIcon;
				CODE_SIGN_STYLE = Automatic;
				DEVELOPMENT_TEAM = W547SRU75H;
				INFOPLIST_FILE = CoreGraphic/Info.plist;
				LD_RUNPATH_SEARCH_PATHS = "$(inherited) @executable_path/Frameworks";
				PRODUCT_BUNDLE_IDENTIFIER = com.sb.CoreGraphic;
				PRODUCT_NAME = "$(TARGET_NAME)";
				TARGETED_DEVICE_FAMILY = "1,2";
			};
			name = Debug;
		};
		69A2CACF1FD4D3F2006FCF94 /* Release */ = {
			isa = XCBuildConfiguration;
			buildSettings = {
				ASSETCATALOG_COMPILER_APPICON_NAME = AppIcon;
				CODE_SIGN_STYLE = Automatic;
				DEVELOPMENT_TEAM = W547SRU75H;
				INFOPLIST_FILE = CoreGraphic/Info.plist;
				LD_RUNPATH_SEARCH_PATHS = "$(inherited) @executable_path/Frameworks";
				PRODUCT_BUNDLE_IDENTIFIER = com.sb.CoreGraphic;
				PRODUCT_NAME = "$(TARGET_NAME)";
				TARGETED_DEVICE_FAMILY = "1,2";
			};
			name = Release;
		};
/* End XCBuildConfiguration section */

/* Begin XCConfigurationList section */
		69A2CAB21FD4D3F1006FCF94 /* Build configuration list for PBXProject "CoreGraphic" */ = {
			isa = XCConfigurationList;
			buildConfigurations = (
				69A2CACB1FD4D3F2006FCF94 /* Debug */,
				69A2CACC1FD4D3F2006FCF94 /* Release */,
			);
			defaultConfigurationIsVisible = 0;
			defaultConfigurationName = Release;
		};
		69A2CACD1FD4D3F2006FCF94 /* Build configuration list for PBXNativeTarget "CoreGraphic" */ = {
			isa = XCConfigurationList;
			buildConfigurations = (
				69A2CACE1FD4D3F2006FCF94 /* Debug */,
				69A2CACF1FD4D3F2006FCF94 /* Release */,
			);
			defaultConfigurationIsVisible = 0;
			defaultConfigurationName = Release;
		};
/* End XCConfigurationList section */
	};
	rootObject = 69A2CAAF1FD4D3F1006FCF94 /* Project object */;
}
